
Microsoft Visual Studio Solution File, Format Version 12.00
# Visual Studio 15
VisualStudioVersion = 15.0.26621.2
MinimumVisualStudioVersion = 10.0.40219.1
Project("{FAE04EC0-301F-11D3-BF4B-00C04F79EFBC}") = "DebuggerProtocolAdapter", "DebuggerProtocolAdapter\DebuggerProtocolAdapter.csproj", "{E76FCD8F-BB50-40BD-A939-454CFD26B3DA}"
EndProject
Project("{2150E333-8FDC-42A3-9474-1A3956D46DE8}") = "References", "References", "{AEB16C33-C6D0-4CF9-9994-55C67E4E9768}"
EndProject
Project("{9A19103F-16F7-4668-BE54-9A1E7A4F7556}") = "HostingAdapter", "..\..\..\..\..\Git\HostingAdapter\HostingAdapter\HostingAdapter.csproj", "{3CDB85FC-7613-47DE-AFD0-E6AF15CC8674}"
EndProject
Global
	GlobalSection(SolutionConfigurationPlatforms) = preSolution
		Debug|Any CPU = Debug|Any CPU
		Release|Any CPU = Release|Any CPU
	EndGlobalSection
	GlobalSection(ProjectConfigurationPlatforms) = postSolution
		{E76FCD8F-BB50-40BD-A939-454CFD26B3DA}.Debug|Any CPU.ActiveCfg = Debug|Any CPU
		{E76FCD8F-BB50-40BD-A939-454CFD26B3DA}.Debug|Any CPU.Build.0 = Debug|Any CPU
		{E76FCD8F-BB50-40BD-A939-454CFD26B3DA}.Release|Any CPU.ActiveCfg = Release|Any CPU
		{E76FCD8F-BB50-40BD-A939-454CFD26B3DA}.Release|Any CPU.Build.0 = Release|Any CPU
		{3CDB85FC-7613-47DE-AFD0-E6AF15CC8674}.Debug|Any CPU.ActiveCfg = Debug|Any CPU
		{3CDB85FC-7613-47DE-AFD0-E6AF15CC8674}.Debug|Any CPU.Build.0 = Debug|Any CPU
		{3CDB85FC-7613-47DE-AFD0-E6AF15CC8674}.Release|Any CPU.ActiveCfg = Release|Any CPU
		{3CDB85FC-7613-47DE-AFD0-E6AF15CC8674}.Release|Any CPU.Build.0 = Release|Any CPU
	EndGlobalSection
	GlobalSection(SolutionProperties) = preSolution
		HideSolutionNode = FALSE
	EndGlobalSection
	GlobalSection(NestedProjects) = preSolution
		{3CDB85FC-7613-47DE-AFD0-E6AF15CC8674} = {AEB16C33-C6D0-4CF9-9994-55C67E4E9768}
	EndGlobalSection
	GlobalSection(ExtensibilityGlobals) = postSolution
		SolutionGuid = {1B9C6A80-E238-440B-AC43-B8B968AE06B7}
	EndGlobalSection
EndGlobal
