
Microsoft Visual Studio Solution File, Format Version 12.00
# Visual Studio 14
VisualStudioVersion = 14.0.25420.1
MinimumVisualStudioVersion = 10.0.40219.1
Project("{2150E333-8FDC-42A3-9474-1A3956D46DE8}") = "src", "src", "{3590928D-46FA-47BF-8EF8-FC014032EE5F}"
EndProject
Project("{2150E333-8FDC-42A3-9474-1A3956D46DE8}") = "Solution Items", "Solution Items", "{45565135-275B-42B9-AEA1-4D2875115901}"
	ProjectSection(SolutionItems) = preProject
		global.json = global.json
	EndProjectSection
EndProject
Project("{8BB2217D-0F2D-49D1-97BC-3654ED321F3B}") = "DebuggerProtocolAdapter", "src\DebuggerProtocolAdapter\DebuggerProtocolAdapter.xproj", "{069A1C95-D625-4E5B-B0FC-114FF9B7D61A}"
EndProject
Global
	GlobalSection(SolutionConfigurationPlatforms) = preSolution
		Debug|Any CPU = Debug|Any CPU
		Release|Any CPU = Release|Any CPU
	EndGlobalSection
	GlobalSection(ProjectConfigurationPlatforms) = postSolution
		{069A1C95-D625-4E5B-B0FC-114FF9B7D61A}.Debug|Any CPU.ActiveCfg = Debug|Any CPU
		{069A1C95-D625-4E5B-B0FC-114FF9B7D61A}.Debug|Any CPU.Build.0 = Debug|Any CPU
		{069A1C95-D625-4E5B-B0FC-114FF9B7D61A}.Release|Any CPU.ActiveCfg = Release|Any CPU
		{069A1C95-D625-4E5B-B0FC-114FF9B7D61A}.Release|Any CPU.Build.0 = Release|Any CPU
	EndGlobalSection
	GlobalSection(SolutionProperties) = preSolution
		HideSolutionNode = FALSE
	EndGlobalSection
	GlobalSection(NestedProjects) = preSolution
		{069A1C95-D625-4E5B-B0FC-114FF9B7D61A} = {3590928D-46FA-47BF-8EF8-FC014032EE5F}
	EndGlobalSection
EndGlobal
